<?xml version="1.0" encoding="UTF-8"?>
<CONFIG>
  <ProjectOptions>
    <Version Value="9"/>
    <General>
      <Flags>
        <MainUnitHasCreateFormStatements Value="False"/>
        <MainUnitHasTitleStatement Value="False"/>
      </Flags>
      <MainUnit Value="0"/>
      <Title Value="uos"/>
      <UseAppBundle Value="False"/>
      <ResourceType Value="res"/>
      <ActiveWindowIndexAtStart Value="0"/>
    </General>
    <i18n>
      <EnableI18N LFM="False"/>
    </i18n>
    <VersionInfo>
      <StringTable ProductVersion=""/>
    </VersionInfo>
    <BuildModes Count="1" Active="Default">
      <Item1 Name="Default" Default="True"/>
    </BuildModes>
    <PublishOptions>
      <Version Value="2"/>
    </PublishOptions>
    <RunParams>
      <local>
        <FormatVersion Value="1"/>
      </local>
    </RunParams>
    <Units Count="9">
      <Unit0>
        <Filename Value="uoslib.pas"/>
        <IsPartOfProject Value="True"/>
        <UnitName Value="uoslib"/>
        <IsVisibleTab Value="True"/>
        <EditorIndex Value="0"/>
        <WindowIndex Value="0"/>
        <TopLine Value="31"/>
        <CursorPos X="1" Y="41"/>
        <UsageCount Value="27"/>
        <Loaded Value="True"/>
      </Unit0>
      <Unit1>
        <Filename Value="uos.pas"/>
        <UnitName Value="uos"/>
        <EditorIndex Value="3"/>
        <WindowIndex Value="0"/>
        <TopLine Value="400"/>
        <CursorPos X="40" Y="411"/>
        <UsageCount Value="11"/>
        <Loaded Value="True"/>
      </Unit1>
      <Unit2>
        <Filename Value="uos_soundtouch.pas"/>
        <UnitName Value="uos_soundtouch"/>
        <WindowIndex Value="0"/>
        <TopLine Value="154"/>
        <CursorPos X="54" Y="174"/>
        <UsageCount Value="10"/>
      </Unit2>
      <Unit3>
        <Filename Value="/usr/lib/codetyphon/fpcsrc/rtl/inc/objpash.inc"/>
        <WindowIndex Value="0"/>
        <TopLine Value="27"/>
        <CursorPos X="23" Y="51"/>
        <UsageCount Value="10"/>
      </Unit3>
      <Unit4>
        <Filename Value="/usr/lib/codetyphon/fpcsrc/rtl/objpas/classes/classesh.inc"/>
        <WindowIndex Value="0"/>
        <TopLine Value="1661"/>
        <CursorPos X="14" Y="1673"/>
        <UsageCount Value="10"/>
      </Unit4>
      <Unit5>
        <Filename Value="/usr/lib/codetyphon/fpcsrc/rtl/objpas/sysutils/sysutilh.inc"/>
        <WindowIndex Value="0"/>
        <TopLine Value="300"/>
        <CursorPos X="23" Y="312"/>
        <UsageCount Value="11"/>
      </Unit5>
      <Unit6>
        <Filename Value="/usr/lib/codetyphon/fpcsrc/rtl/objpas/sysutils/systhrdh.inc"/>
        <WindowIndex Value="0"/>
        <TopLine Value="1"/>
        <CursorPos X="54" Y="10"/>
        <UsageCount Value="10"/>
      </Unit6>
      <Unit7>
        <Filename Value="uoslib_h.pas"/>
        <UnitName Value="uoslib_h"/>
        <EditorIndex Value="2"/>
        <WindowIndex Value="0"/>
        <TopLine Value="46"/>
        <CursorPos X="37" Y="50"/>
        <UsageCount Value="10"/>
        <Loaded Value="True"/>
      </Unit7>
      <Unit8>
        <Filename Value="uos_flat.pas"/>
        <UnitName Value="uos_flat"/>
        <EditorIndex Value="1"/>
        <WindowIndex Value="0"/>
        <TopLine Value="31"/>
        <CursorPos X="3" Y="45"/>
        <UsageCount Value="10"/>
        <Loaded Value="True"/>
      </Unit8>
    </Units>
    <JumpHistory Count="30" HistoryIndex="29">
      <Position1>
        <Filename Value="uos.pas"/>
        <Caret Line="553" Column="78" TopLine="528"/>
      </Position1>
      <Position2>
        <Filename Value="uos.pas"/>
        <Caret Line="586" Column="93" TopLine="561"/>
      </Position2>
      <Position3>
        <Filename Value="uos.pas"/>
        <Caret Line="2269" Column="95" TopLine="2244"/>
      </Position3>
      <Position4>
        <Filename Value="uos.pas"/>
        <Caret Line="2276" Column="28" TopLine="2251"/>
      </Position4>
      <Position5>
        <Filename Value="uos.pas"/>
        <Caret Line="2282" Column="62" TopLine="2257"/>
      </Position5>
      <Position6>
        <Filename Value="uos.pas"/>
        <Caret Line="2393" Column="39" TopLine="2369"/>
      </Position6>
      <Position7>
        <Filename Value="uos.pas"/>
        <Caret Line="2398" Column="62" TopLine="2374"/>
      </Position7>
      <Position8>
        <Filename Value="uos.pas"/>
        <Caret Line="2416" Column="34" TopLine="2392"/>
      </Position8>
      <Position9>
        <Filename Value="uos.pas"/>
        <Caret Line="2421" Column="62" TopLine="2397"/>
      </Position9>
      <Position10>
        <Filename Value="uos.pas"/>
        <Caret Line="2481" Column="41" TopLine="2457"/>
      </Position10>
      <Position11>
        <Filename Value="uos.pas"/>
        <Caret Line="2486" Column="62" TopLine="2462"/>
      </Position11>
      <Position12>
        <Filename Value="uos.pas"/>
        <Caret Line="2500" Column="51" TopLine="2476"/>
      </Position12>
      <Position13>
        <Filename Value="uos.pas"/>
        <Caret Line="2682" Column="34" TopLine="2658"/>
      </Position13>
      <Position14>
        <Filename Value="uos.pas"/>
        <Caret Line="2708" Column="65" TopLine="2683"/>
      </Position14>
      <Position15>
        <Filename Value="uos.pas"/>
        <Caret Line="2721" Column="65" TopLine="2696"/>
      </Position15>
      <Position16>
        <Filename Value="uos.pas"/>
        <Caret Line="2775" Column="82" TopLine="2751"/>
      </Position16>
      <Position17>
        <Filename Value="uos.pas"/>
        <Caret Line="2953" Column="87" TopLine="2929"/>
      </Position17>
      <Position18>
        <Filename Value="uoslib.pas"/>
        <Caret Line="280" Column="32" TopLine="261"/>
      </Position18>
      <Position19>
        <Filename Value="uos_flat.pas"/>
        <Caret Line="44" Column="17" TopLine="40"/>
      </Position19>
      <Position20>
        <Filename Value="uos_flat.pas"/>
        <Caret Line="145" Column="58" TopLine="133"/>
      </Position20>
      <Position21>
        <Filename Value="uos_flat.pas"/>
        <Caret Line="150" Column="56" TopLine="138"/>
      </Position21>
      <Position22>
        <Filename Value="uos_flat.pas"/>
        <Caret Line="156" Column="77" TopLine="144"/>
      </Position22>
      <Position23>
        <Filename Value="uos_flat.pas"/>
        <Caret Line="161" Column="79" TopLine="149"/>
      </Position23>
      <Position24>
        <Filename Value="uos_flat.pas"/>
        <Caret Line="204" Column="54" TopLine="192"/>
      </Position24>
      <Position25>
        <Filename Value="uos_flat.pas"/>
        <Caret Line="222" Column="54" TopLine="210"/>
      </Position25>
      <Position26>
        <Filename Value="uos_flat.pas"/>
        <Caret Line="240" Column="54" TopLine="228"/>
      </Position26>
      <Position27>
        <Filename Value="uos.pas"/>
        <Caret Line="3" Column="26" TopLine="1"/>
      </Position27>
      <Position28>
        <Filename Value="uos.pas"/>
        <Caret Line="216" Column="8" TopLine="204"/>
      </Position28>
      <Position29>
        <Filename Value="uos.pas"/>
        <Caret Line="226" Column="12" TopLine="214"/>
      </Position29>
      <Position30>
        <Filename Value="uos.pas"/>
        <Caret Line="227" Column="20" TopLine="215"/>
      </Position30>
    </JumpHistory>
  </ProjectOptions>
  <CompilerOptions>
    <Version Value="11"/>
    <Target>
      <Filename Value="uoslib"/>
    </Target>
    <SearchPaths>
      <IncludeFiles Value="$(ProjOutDir)"/>
      <UnitOutputDirectory Value="units"/>
    </SearchPaths>
    <CodeGeneration>
      <SmartLinkUnit Value="True"/>
      <RelocatableUnit Value="True"/>
      <SmallerCode Value="True"/>
    </CodeGeneration>
    <Linking>
      <Debugging>
        <GenerateDebugInfo Value="False"/>
        <DebugInfoType Value="dsDwarf3"/>
        <UseValgrind Value="True"/>
        <StripSymbols Value="True"/>
        <UseExternalDbgSyms Value="True"/>
      </Debugging>
      <LinkSmart Value="True"/>
      <Options>
        <ExecutableType Value="Library"/>
      </Options>
    </Linking>
    <Other>
      <WriteFPCLogo Value="False"/>
      <CompilerMessages>
        <MsgFileName Value=""/>
      </CompilerMessages>
      <ConfigFile>
        <CustomConfigFile Value="True"/>
      </ConfigFile>
      <CompilerPath Value="$(CompPath)"/>
    </Other>
  </CompilerOptions>
  <Debugging>
    <Exceptions Count="3">
      <Item1>
        <Name Value="EAbort"/>
      </Item1>
      <Item2>
        <Name Value="ECodetoolError"/>
      </Item2>
      <Item3>
        <Name Value="EFOpenError"/>
      </Item3>
    </Exceptions>
  </Debugging>
  <EditorMacros Count="0"/>
</CONFIG>
