<?xml version="1.0" encoding="UTF-8"?>
<CONFIG>
  <ProjectOptions>
    <Version Value="9"/>
    <General>
      <Flags>
        <MainUnitHasCreateFormStatements Value="False"/>
        <MainUnitHasTitleStatement Value="False"/>
      </Flags>
      <MainUnit Value="0"/>
      <Title Value="uos"/>
      <UseAppBundle Value="False"/>
      <ResourceType Value="res"/>
      <ActiveWindowIndexAtStart Value="0"/>
    </General>
    <i18n>
      <EnableI18N LFM="False"/>
    </i18n>
    <VersionInfo>
      <StringTable ProductVersion=""/>
    </VersionInfo>
    <BuildModes Count="1" Active="Default">
      <Item1 Name="Default" Default="True"/>
    </BuildModes>
    <PublishOptions>
      <Version Value="2"/>
    </PublishOptions>
    <RunParams>
      <local>
        <FormatVersion Value="1"/>
      </local>
    </RunParams>
    <Units Count="9">
      <Unit0>
        <Filename Value="uoslib.pas"/>
        <IsPartOfProject Value="True"/>
        <UnitName Value="uoslib"/>
        <IsVisibleTab Value="True"/>
        <EditorIndex Value="0"/>
        <WindowIndex Value="0"/>
        <TopLine Value="239"/>
        <CursorPos X="42" Y="244"/>
        <UsageCount Value="32"/>
        <Loaded Value="True"/>
      </Unit0>
      <Unit1>
        <Filename Value="uos.pas"/>
        <UnitName Value="uos"/>
        <EditorIndex Value="3"/>
        <WindowIndex Value="0"/>
        <TopLine Value="212"/>
        <CursorPos X="75" Y="218"/>
        <UsageCount Value="13"/>
        <Loaded Value="True"/>
      </Unit1>
      <Unit2>
        <Filename Value="uos_soundtouch.pas"/>
        <UnitName Value="uos_soundtouch"/>
        <WindowIndex Value="0"/>
        <TopLine Value="154"/>
        <CursorPos X="54" Y="174"/>
        <UsageCount Value="10"/>
      </Unit2>
      <Unit3>
        <Filename Value="/usr/lib/codetyphon/fpcsrc/rtl/inc/objpash.inc"/>
        <WindowIndex Value="0"/>
        <TopLine Value="27"/>
        <CursorPos X="23" Y="51"/>
        <UsageCount Value="10"/>
      </Unit3>
      <Unit4>
        <Filename Value="/usr/lib/codetyphon/fpcsrc/rtl/objpas/classes/classesh.inc"/>
        <EditorIndex Value="4"/>
        <WindowIndex Value="0"/>
        <TopLine Value="1538"/>
        <CursorPos X="19" Y="1547"/>
        <UsageCount Value="11"/>
        <Loaded Value="True"/>
      </Unit4>
      <Unit5>
        <Filename Value="/usr/lib/codetyphon/fpcsrc/rtl/objpas/sysutils/sysutilh.inc"/>
        <WindowIndex Value="0"/>
        <TopLine Value="300"/>
        <CursorPos X="23" Y="312"/>
        <UsageCount Value="11"/>
      </Unit5>
      <Unit6>
        <Filename Value="/usr/lib/codetyphon/fpcsrc/rtl/objpas/sysutils/systhrdh.inc"/>
        <WindowIndex Value="0"/>
        <TopLine Value="1"/>
        <CursorPos X="54" Y="10"/>
        <UsageCount Value="10"/>
      </Unit6>
      <Unit7>
        <Filename Value="uoslib_h.pas"/>
        <UnitName Value="uoslib_h"/>
        <EditorIndex Value="2"/>
        <WindowIndex Value="0"/>
        <TopLine Value="45"/>
        <CursorPos X="53" Y="375"/>
        <UsageCount Value="12"/>
        <Loaded Value="True"/>
      </Unit7>
      <Unit8>
        <Filename Value="uos_flat.pas"/>
        <UnitName Value="uos_flat"/>
        <EditorIndex Value="1"/>
        <WindowIndex Value="0"/>
        <TopLine Value="39"/>
        <CursorPos X="38" Y="47"/>
        <UsageCount Value="12"/>
        <Loaded Value="True"/>
      </Unit8>
    </Units>
    <JumpHistory Count="30" HistoryIndex="29">
      <Position1>
        <Filename Value="uoslib.pas"/>
        <Caret Line="35" Column="1" TopLine="31"/>
      </Position1>
      <Position2>
        <Filename Value="uoslib.pas"/>
        <Caret Line="47" Column="59" TopLine="41"/>
      </Position2>
      <Position3>
        <Filename Value="uoslib.pas"/>
        <Caret Line="42" Column="18" TopLine="37"/>
      </Position3>
      <Position4>
        <Filename Value="uoslib.pas"/>
        <Caret Line="39" Column="24" TopLine="31"/>
      </Position4>
      <Position5>
        <Filename Value="uoslib.pas"/>
        <Caret Line="51" Column="12" TopLine="37"/>
      </Position5>
      <Position6>
        <Filename Value="uoslib.pas"/>
        <Caret Line="49" Column="21" TopLine="46"/>
      </Position6>
      <Position7>
        <Filename Value="uoslib.pas"/>
        <Caret Line="252" Column="1" TopLine="244"/>
      </Position7>
      <Position8>
        <Filename Value="uoslib.pas"/>
        <Caret Line="251" Column="16" TopLine="244"/>
      </Position8>
      <Position9>
        <Filename Value="uoslib.pas"/>
        <Caret Line="252" Column="63" TopLine="245"/>
      </Position9>
      <Position10>
        <Filename Value="uoslib.pas"/>
        <Caret Line="261" Column="73" TopLine="250"/>
      </Position10>
      <Position11>
        <Filename Value="uoslib.pas"/>
        <Caret Line="251" Column="5" TopLine="244"/>
      </Position11>
      <Position12>
        <Filename Value="uoslib.pas"/>
        <Caret Line="261" Column="47" TopLine="254"/>
      </Position12>
      <Position13>
        <Filename Value="uoslib.pas"/>
        <Caret Line="249" Column="36" TopLine="249"/>
      </Position13>
      <Position14>
        <Filename Value="uoslib.pas"/>
        <Caret Line="261" Column="50" TopLine="254"/>
      </Position14>
      <Position15>
        <Filename Value="uos_flat.pas"/>
        <Caret Line="63" Column="9" TopLine="49"/>
      </Position15>
      <Position16>
        <Filename Value="uoslib.pas"/>
        <Caret Line="258" Column="65" TopLine="254"/>
      </Position16>
      <Position17>
        <Filename Value="uoslib.pas"/>
        <Caret Line="269" Column="3" TopLine="262"/>
      </Position17>
      <Position18>
        <Filename Value="uoslib.pas"/>
        <Caret Line="277" Column="5" TopLine="270"/>
      </Position18>
      <Position19>
        <Filename Value="uoslib.pas"/>
        <Caret Line="46" Column="17" TopLine="32"/>
      </Position19>
      <Position20>
        <Filename Value="uoslib.pas"/>
        <Caret Line="262" Column="37" TopLine="255"/>
      </Position20>
      <Position21>
        <Filename Value="uos.pas"/>
        <Caret Line="4" Column="66" TopLine="1"/>
      </Position21>
      <Position22>
        <Filename Value="uos.pas"/>
        <Caret Line="217" Column="40" TopLine="209"/>
      </Position22>
      <Position23>
        <Filename Value="uos.pas"/>
        <Caret Line="2282" Column="40" TopLine="2274"/>
      </Position23>
      <Position24>
        <Filename Value="uos.pas"/>
        <Caret Line="2402" Column="50" TopLine="2394"/>
      </Position24>
      <Position25>
        <Filename Value="uos.pas"/>
        <Caret Line="2428" Column="44" TopLine="2420"/>
      </Position25>
      <Position26>
        <Filename Value="uos.pas"/>
        <Caret Line="2496" Column="51" TopLine="2488"/>
      </Position26>
      <Position27>
        <Filename Value="uos.pas"/>
        <Caret Line="2701" Column="43" TopLine="2693"/>
      </Position27>
      <Position28>
        <Filename Value="uos_flat.pas"/>
        <Caret Line="3" Column="55" TopLine="1"/>
      </Position28>
      <Position29>
        <Filename Value="uoslib.pas"/>
        <Caret Line="39" Column="19" TopLine="31"/>
      </Position29>
      <Position30>
        <Filename Value="uoslib.pas"/>
        <Caret Line="47" Column="1" TopLine="42"/>
      </Position30>
    </JumpHistory>
  </ProjectOptions>
  <CompilerOptions>
    <Version Value="11"/>
    <Target>
      <Filename Value="uoslib"/>
    </Target>
    <SearchPaths>
      <IncludeFiles Value="$(ProjOutDir)"/>
      <UnitOutputDirectory Value="units"/>
    </SearchPaths>
    <CodeGeneration>
      <SmartLinkUnit Value="True"/>
      <RelocatableUnit Value="True"/>
      <Optimizations>
        <OptimizationLevel Value="0"/>
      </Optimizations>
    </CodeGeneration>
    <Linking>
      <Debugging>
        <GenerateDebugInfo Value="False"/>
        <DebugInfoType Value="dsDwarf3"/>
        <UseValgrind Value="True"/>
        <StripSymbols Value="True"/>
        <UseExternalDbgSyms Value="True"/>
      </Debugging>
      <LinkSmart Value="True"/>
      <Options>
        <ExecutableType Value="Library"/>
      </Options>
    </Linking>
    <Other>
      <WriteFPCLogo Value="False"/>
      <CompilerMessages>
        <MsgFileName Value=""/>
      </CompilerMessages>
      <CompilerPath Value="$(CompPath)"/>
    </Other>
  </CompilerOptions>
  <Debugging>
    <Exceptions Count="3">
      <Item1>
        <Name Value="EAbort"/>
      </Item1>
      <Item2>
        <Name Value="ECodetoolError"/>
      </Item2>
      <Item3>
        <Name Value="EFOpenError"/>
      </Item3>
    </Exceptions>
  </Debugging>
  <EditorMacros Count="0"/>
</CONFIG>
