<?xml version="1.0" encoding="UTF-8"?>
<CONFIG>
  <ProjectOptions>
    <Version Value="9"/>
    <General>
      <Flags>
        <MainUnitHasCreateFormStatements Value="False"/>
        <MainUnitHasTitleStatement Value="False"/>
      </Flags>
      <MainUnit Value="0"/>
      <Title Value="uos"/>
      <UseAppBundle Value="False"/>
      <ResourceType Value="res"/>
      <ActiveWindowIndexAtStart Value="0"/>
    </General>
    <i18n>
      <EnableI18N LFM="False"/>
    </i18n>
    <VersionInfo>
      <StringTable ProductVersion=""/>
    </VersionInfo>
    <BuildModes Count="1" Active="Default">
      <Item1 Name="Default" Default="True"/>
    </BuildModes>
    <PublishOptions>
      <Version Value="2"/>
    </PublishOptions>
    <RunParams>
      <local>
        <FormatVersion Value="1"/>
      </local>
    </RunParams>
    <Units Count="8">
      <Unit0>
        <Filename Value="uoslib.pas"/>
        <IsPartOfProject Value="True"/>
        <UnitName Value="uoslib"/>
        <EditorIndex Value="0"/>
        <WindowIndex Value="0"/>
        <TopLine Value="59"/>
        <CursorPos X="37" Y="67"/>
        <UsageCount Value="27"/>
        <Loaded Value="True"/>
      </Unit0>
      <Unit1>
        <Filename Value="uos.pas"/>
        <UnitName Value="uos"/>
        <EditorIndex Value="2"/>
        <WindowIndex Value="0"/>
        <TopLine Value="3890"/>
        <CursorPos X="51" Y="3900"/>
        <UsageCount Value="11"/>
        <Loaded Value="True"/>
      </Unit1>
      <Unit2>
        <Filename Value="uos_soundtouch.pas"/>
        <UnitName Value="uos_soundtouch"/>
        <WindowIndex Value="0"/>
        <TopLine Value="154"/>
        <CursorPos X="54" Y="174"/>
        <UsageCount Value="10"/>
      </Unit2>
      <Unit3>
        <Filename Value="/usr/lib/codetyphon/fpcsrc/rtl/inc/objpash.inc"/>
        <WindowIndex Value="0"/>
        <TopLine Value="27"/>
        <CursorPos X="23" Y="51"/>
        <UsageCount Value="10"/>
      </Unit3>
      <Unit4>
        <Filename Value="/usr/lib/codetyphon/fpcsrc/rtl/objpas/classes/classesh.inc"/>
        <WindowIndex Value="0"/>
        <TopLine Value="1661"/>
        <CursorPos X="14" Y="1673"/>
        <UsageCount Value="10"/>
      </Unit4>
      <Unit5>
        <Filename Value="/usr/lib/codetyphon/fpcsrc/rtl/objpas/sysutils/sysutilh.inc"/>
        <WindowIndex Value="0"/>
        <TopLine Value="300"/>
        <CursorPos X="23" Y="312"/>
        <UsageCount Value="11"/>
      </Unit5>
      <Unit6>
        <Filename Value="/usr/lib/codetyphon/fpcsrc/rtl/objpas/sysutils/systhrdh.inc"/>
        <WindowIndex Value="0"/>
        <TopLine Value="1"/>
        <CursorPos X="54" Y="10"/>
        <UsageCount Value="10"/>
      </Unit6>
      <Unit7>
        <Filename Value="uoslib_h.pas"/>
        <UnitName Value="uoslib_h"/>
        <IsVisibleTab Value="True"/>
        <EditorIndex Value="1"/>
        <WindowIndex Value="0"/>
        <TopLine Value="46"/>
        <CursorPos X="38" Y="52"/>
        <UsageCount Value="10"/>
        <Loaded Value="True"/>
      </Unit7>
    </Units>
    <JumpHistory Count="30" HistoryIndex="29">
      <Position1>
        <Filename Value="uos.pas"/>
        <Caret Line="3828" Column="56" TopLine="3809"/>
      </Position1>
      <Position2>
        <Filename Value="uos.pas"/>
        <Caret Line="3831" Column="19" TopLine="3811"/>
      </Position2>
      <Position3>
        <Filename Value="uos.pas"/>
        <Caret Line="104" Column="21" TopLine="93"/>
      </Position3>
      <Position4>
        <Filename Value="uoslib.pas"/>
        <Caret Line="4" Column="64" TopLine="1"/>
      </Position4>
      <Position5>
        <Filename Value="uoslib.pas"/>
        <Caret Line="1" Column="39" TopLine="1"/>
      </Position5>
      <Position6>
        <Filename Value="uoslib.pas"/>
        <Caret Line="4" Column="30" TopLine="1"/>
      </Position6>
      <Position7>
        <Filename Value="uoslib_h.pas"/>
        <Caret Line="7" Column="70" TopLine="1"/>
      </Position7>
      <Position8>
        <Filename Value="uoslib_h.pas"/>
        <Caret Line="5" Column="46" TopLine="1"/>
      </Position8>
      <Position9>
        <Filename Value="uoslib_h.pas"/>
        <Caret Line="187" Column="63" TopLine="174"/>
      </Position9>
      <Position10>
        <Filename Value="uos.pas"/>
        <Caret Line="55" Column="61" TopLine="1"/>
      </Position10>
      <Position11>
        <Filename Value="uos.pas"/>
        <Caret Line="4" Column="71" TopLine="1"/>
      </Position11>
      <Position12>
        <Filename Value="uos.pas"/>
        <Caret Line="2590" Column="21" TopLine="2578"/>
      </Position12>
      <Position13>
        <Filename Value="uos.pas"/>
        <Caret Line="3705" Column="36" TopLine="3693"/>
      </Position13>
      <Position14>
        <Filename Value="uos.pas"/>
        <Caret Line="3708" Column="35" TopLine="3696"/>
      </Position14>
      <Position15>
        <Filename Value="uos.pas"/>
        <Caret Line="3730" Column="37" TopLine="3719"/>
      </Position15>
      <Position16>
        <Filename Value="uos.pas"/>
        <Caret Line="3854" Column="41" TopLine="3842"/>
      </Position16>
      <Position17>
        <Filename Value="uos.pas"/>
        <Caret Line="3859" Column="33" TopLine="3847"/>
      </Position17>
      <Position18>
        <Filename Value="uos.pas"/>
        <Caret Line="3861" Column="25" TopLine="3850"/>
      </Position18>
      <Position19>
        <Filename Value="uos.pas"/>
        <Caret Line="3847" Column="28" TopLine="3843"/>
      </Position19>
      <Position20>
        <Filename Value="uos.pas"/>
        <Caret Line="3902" Column="30" TopLine="3898"/>
      </Position20>
      <Position21>
        <Filename Value="uos.pas"/>
        <Caret Line="544" Column="59" TopLine="536"/>
      </Position21>
      <Position22>
        <Filename Value="uoslib_h.pas"/>
        <Caret Line="7" Column="63" TopLine="1"/>
      </Position22>
      <Position23>
        <Filename Value="uoslib_h.pas"/>
        <Caret Line="54" Column="32" TopLine="41"/>
      </Position23>
      <Position24>
        <Filename Value="uoslib_h.pas"/>
        <Caret Line="223" Column="37" TopLine="211"/>
      </Position24>
      <Position25>
        <Filename Value="uoslib_h.pas"/>
        <Caret Line="224" Column="58" TopLine="212"/>
      </Position25>
      <Position26>
        <Filename Value="uoslib.pas"/>
        <Caret Line="5" Column="31" TopLine="1"/>
      </Position26>
      <Position27>
        <Filename Value="uoslib.pas"/>
        <Caret Line="67" Column="48" TopLine="52"/>
      </Position27>
      <Position28>
        <Filename Value="uoslib.pas"/>
        <Caret Line="518" Column="48" TopLine="505"/>
      </Position28>
      <Position29>
        <Filename Value="uoslib.pas"/>
        <Caret Line="65" Column="30" TopLine="57"/>
      </Position29>
      <Position30>
        <Filename Value="uoslib.pas"/>
        <Caret Line="67" Column="43" TopLine="59"/>
      </Position30>
    </JumpHistory>
  </ProjectOptions>
  <CompilerOptions>
    <Version Value="11"/>
    <Target>
      <Filename Value="uoslib"/>
    </Target>
    <SearchPaths>
      <IncludeFiles Value="$(ProjOutDir)"/>
      <UnitOutputDirectory Value="units"/>
    </SearchPaths>
    <CodeGeneration>
      <SmartLinkUnit Value="True"/>
      <RelocatableUnit Value="True"/>
      <SmallerCode Value="True"/>
    </CodeGeneration>
    <Linking>
      <Debugging>
        <GenerateDebugInfo Value="False"/>
        <DebugInfoType Value="dsDwarf3"/>
        <UseValgrind Value="True"/>
        <StripSymbols Value="True"/>
        <UseExternalDbgSyms Value="True"/>
      </Debugging>
      <LinkSmart Value="True"/>
      <Options>
        <ExecutableType Value="Library"/>
      </Options>
    </Linking>
    <Other>
      <WriteFPCLogo Value="False"/>
      <CompilerMessages>
        <MsgFileName Value=""/>
      </CompilerMessages>
      <ConfigFile>
        <CustomConfigFile Value="True"/>
      </ConfigFile>
      <CompilerPath Value="$(CompPath)"/>
    </Other>
  </CompilerOptions>
  <Debugging>
    <Exceptions Count="3">
      <Item1>
        <Name Value="EAbort"/>
      </Item1>
      <Item2>
        <Name Value="ECodetoolError"/>
      </Item2>
      <Item3>
        <Name Value="EFOpenError"/>
      </Item3>
    </Exceptions>
  </Debugging>
  <EditorMacros Count="0"/>
</CONFIG>
